
Microsoft Visual Studio Solution File, Format Version 12.00
# Visual Studio 15
VisualStudioVersion = 15.0.26228.4
MinimumVisualStudioVersion = 10.0.40219.1
Project("{9A19103F-16F7-4668-BE54-9A1E7A4F7556}") = "GeneticSharp", "GeneticSharp\GeneticSharp.csproj", "{84E85070-4EF3-410F-BA4E-503EE59B438B}"
EndProject
Project("{9A19103F-16F7-4668-BE54-9A1E7A4F7556}") = "GeneticSharp.Tests", "GeneticSharp.Tests\GeneticSharp.Tests.csproj", "{CC428451-3FC7-426D-B872-2588821111D4}"
EndProject
Global
	GlobalSection(SolutionConfigurationPlatforms) = preSolution
		Debug|Any CPU = Debug|Any CPU
		Release|Any CPU = Release|Any CPU
	EndGlobalSection
	GlobalSection(ProjectConfigurationPlatforms) = postSolution
		{84E85070-4EF3-410F-BA4E-503EE59B438B}.Debug|Any CPU.ActiveCfg = Debug|Any CPU
		{84E85070-4EF3-410F-BA4E-503EE59B438B}.Debug|Any CPU.Build.0 = Debug|Any CPU
		{84E85070-4EF3-410F-BA4E-503EE59B438B}.Release|Any CPU.ActiveCfg = Release|Any CPU
		{84E85070-4EF3-410F-BA4E-503EE59B438B}.Release|Any CPU.Build.0 = Release|Any CPU
		{CC428451-3FC7-426D-B872-2588821111D4}.Debug|Any CPU.ActiveCfg = Debug|Any CPU
		{CC428451-3FC7-426D-B872-2588821111D4}.Debug|Any CPU.Build.0 = Debug|Any CPU
		{CC428451-3FC7-426D-B872-2588821111D4}.Release|Any CPU.ActiveCfg = Release|Any CPU
		{CC428451-3FC7-426D-B872-2588821111D4}.Release|Any CPU.Build.0 = Release|Any CPU
	EndGlobalSection
	GlobalSection(SolutionProperties) = preSolution
		HideSolutionNode = FALSE
	EndGlobalSection
	GlobalSection(ExtensibilityGlobals) = postSolution
		SolutionGuid = {082894B1-C85F-42E5-867D-AA3EB5081D30}
	EndGlobalSection
EndGlobal
